// !$*UTF8*$!
{
	archiveVersion = 1;
	classes = {
	};
	objectVersion = 46;
	objects = {

/* Begin PBXBuildFile section */
		A1E15D1E1A0BA7070089516D /* AppDelegate.swift in Sources */ = {isa = PBXBuildFile; fileRef = A1E15D1D1A0BA7070089516D /* AppDelegate.swift */; };
		A1E15D201A0BA7070089516D /* ViewController.swift in Sources */ = {isa = PBXBuildFile; fileRef = A1E15D1F1A0BA7070089516D /* ViewController.swift */; };
		A1E15D221A0BA7070089516D /* Images.xcassets in Resources */ = {isa = PBXBuildFile; fileRef = A1E15D211A0BA7070089516D /* Images.xcassets */; };
		A1E15D251A0BA7070089516D /* Main.storyboard in Resources */ = {isa = PBXBuildFile; fileRef = A1E15D231A0BA7070089516D /* Main.storyboard */; };
		A1E15D311A0BA7070089516D /* SimulatorDetailsTests.swift in Sources */ = {isa = PBXBuildFile; fileRef = A1E15D301A0BA7070089516D /* SimulatorDetailsTests.swift */; };
		A1E15D3B1A0BABCB0089516D /* SimDataManager.swift in Sources */ = {isa = PBXBuildFile; fileRef = A1E15D3A1A0BABCB0089516D /* SimDataManager.swift */; };
/* End PBXBuildFile section */

/* Begin PBXContainerItemProxy section */
		A1E15D2B1A0BA7070089516D /* PBXContainerItemProxy */ = {
			isa = PBXContainerItemProxy;
			containerPortal = A1E15D101A0BA7070089516D /* Project object */;
			proxyType = 1;
			remoteGlobalIDString = A1E15D171A0BA7070089516D;
			remoteInfo = SimulatorDetails;
		};
/* End PBXContainerItemProxy section */

/* Begin PBXFileReference section */
		A1E15D181A0BA7070089516D /* SimulatorDetails.app */ = {isa = PBXFileReference; explicitFileType = wrapper.application; includeInIndex = 0; path = SimulatorDetails.app; sourceTree = BUILT_PRODUCTS_DIR; };
		A1E15D1C1A0BA7070089516D /* Info.plist */ = {isa = PBXFileReference; lastKnownFileType = text.plist.xml; path = Info.plist; sourceTree = "<group>"; };
		A1E15D1D1A0BA7070089516D /* AppDelegate.swift */ = {isa = PBXFileReference; lastKnownFileType = sourcecode.swift; path = AppDelegate.swift; sourceTree = "<group>"; };
		A1E15D1F1A0BA7070089516D /* ViewController.swift */ = {isa = PBXFileReference; lastKnownFileType = sourcecode.swift; path = ViewController.swift; sourceTree = "<group>"; };
		A1E15D211A0BA7070089516D /* Images.xcassets */ = {isa = PBXFileReference; lastKnownFileType = folder.assetcatalog; path = Images.xcassets; sourceTree = "<group>"; };
		A1E15D241A0BA7070089516D /* Base */ = {isa = PBXFileReference; lastKnownFileType = file.storyboard; name = Base; path = Base.lproj/Main.storyboard; sourceTree = "<group>"; };
		A1E15D2A1A0BA7070089516D /* SimulatorDetailsTests.xctest */ = {isa = PBXFileReference; explicitFileType = wrapper.cfbundle; includeInIndex = 0; path = SimulatorDetailsTests.xctest; sourceTree = BUILT_PRODUCTS_DIR; };
		A1E15D2F1A0BA7070089516D /* Info.plist */ = {isa = PBXFileReference; lastKnownFileType = text.plist.xml; path = Info.plist; sourceTree = "<group>"; };
		A1E15D301A0BA7070089516D /* SimulatorDetailsTests.swift */ = {isa = PBXFileReference; lastKnownFileType = sourcecode.swift; path = SimulatorDetailsTests.swift; sourceTree = "<group>"; };
		A1E15D3A1A0BABCB0089516D /* SimDataManager.swift */ = {isa = PBXFileReference; fileEncoding = 4; lastKnownFileType = sourcecode.swift; path = SimDataManager.swift; sourceTree = "<group>"; };
/* End PBXFileReference section */

/* Begin PBXFrameworksBuildPhase section */
		A1E15D151A0BA7070089516D /* Frameworks */ = {
			isa = PBXFrameworksBuildPhase;
			buildActionMask = 2147483647;
			files = (
			);
			runOnlyForDeploymentPostprocessing = 0;
		};
		A1E15D271A0BA7070089516D /* Frameworks */ = {
			isa = PBXFrameworksBuildPhase;
			buildActionMask = 2147483647;
			files = (
			);
			runOnlyForDeploymentPostprocessing = 0;
		};
/* End PBXFrameworksBuildPhase section */

/* Begin PBXGroup section */
		A1E15D0F1A0BA7070089516D = {
			isa = PBXGroup;
			children = (
				A1E15D1A1A0BA7070089516D /* SimulatorDetails */,
				A1E15D2D1A0BA7070089516D /* SimulatorDetailsTests */,
				A1E15D191A0BA7070089516D /* Products */,
			);
			sourceTree = "<group>";
		};
		A1E15D191A0BA7070089516D /* Products */ = {
			isa = PBXGroup;
			children = (
				A1E15D181A0BA7070089516D /* SimulatorDetails.app */,
				A1E15D2A1A0BA7070089516D /* SimulatorDetailsTests.xctest */,
			);
			name = Products;
			sourceTree = "<group>";
		};
		A1E15D1A1A0BA7070089516D /* SimulatorDetails */ = {
			isa = PBXGroup;
			children = (
				A1E15D1D1A0BA7070089516D /* AppDelegate.swift */,
				A1E15D1F1A0BA7070089516D /* ViewController.swift */,
				A1E15D3A1A0BABCB0089516D /* SimDataManager.swift */,
				A1E15D211A0BA7070089516D /* Images.xcassets */,
				A1E15D231A0BA7070089516D /* Main.storyboard */,
				A1E15D1B1A0BA7070089516D /* Supporting Files */,
			);
			path = SimulatorDetails;
			sourceTree = "<group>";
		};
		A1E15D1B1A0BA7070089516D /* Supporting Files */ = {
			isa = PBXGroup;
			children = (
				A1E15D1C1A0BA7070089516D /* Info.plist */,
			);
			name = "Supporting Files";
			sourceTree = "<group>";
		};
		A1E15D2D1A0BA7070089516D /* SimulatorDetailsTests */ = {
			isa = PBXGroup;
			children = (
				A1E15D301A0BA7070089516D /* SimulatorDetailsTests.swift */,
				A1E15D2E1A0BA7070089516D /* Supporting Files */,
			);
			path = SimulatorDetailsTests;
			sourceTree = "<group>";
		};
		A1E15D2E1A0BA7070089516D /* Supporting Files */ = {
			isa = PBXGroup;
			children = (
				A1E15D2F1A0BA7070089516D /* Info.plist */,
			);
			name = "Supporting Files";
			sourceTree = "<group>";
		};
/* End PBXGroup section */

/* Begin PBXNativeTarget section */
		A1E15D171A0BA7070089516D /* SimulatorDetails */ = {
			isa = PBXNativeTarget;
			buildConfigurationList = A1E15D341A0BA7070089516D /* Build configuration list for PBXNativeTarget "SimulatorDetails" */;
			buildPhases = (
				A1E15D141A0BA7070089516D /* Sources */,
				A1E15D151A0BA7070089516D /* Frameworks */,
				A1E15D161A0BA7070089516D /* Resources */,
			);
			buildRules = (
			);
			dependencies = (
			);
			name = SimulatorDetails;
			productName = SimulatorDetails;
			productReference = A1E15D181A0BA7070089516D /* SimulatorDetails.app */;
			productType = "com.apple.product-type.application";
		};
		A1E15D291A0BA7070089516D /* SimulatorDetailsTests */ = {
			isa = PBXNativeTarget;
			buildConfigurationList = A1E15D371A0BA7070089516D /* Build configuration list for PBXNativeTarget "SimulatorDetailsTests" */;
			buildPhases = (
				A1E15D261A0BA7070089516D /* Sources */,
				A1E15D271A0BA7070089516D /* Frameworks */,
				A1E15D281A0BA7070089516D /* Resources */,
			);
			buildRules = (
			);
			dependencies = (
				A1E15D2C1A0BA7070089516D /* PBXTargetDependency */,
			);
			name = SimulatorDetailsTests;
			productName = SimulatorDetailsTests;
			productReference = A1E15D2A1A0BA7070089516D /* SimulatorDetailsTests.xctest */;
			productType = "com.apple.product-type.bundle.unit-test";
		};
/* End PBXNativeTarget section */

/* Begin PBXProject section */
		A1E15D101A0BA7070089516D /* Project object */ = {
			isa = PBXProject;
			attributes = {
				LastUpgradeCheck = 0610;
				ORGANIZATIONNAME = "Andy Qua";
				TargetAttributes = {
					A1E15D171A0BA7070089516D = {
						CreatedOnToolsVersion = 6.1;
					};
					A1E15D291A0BA7070089516D = {
						CreatedOnToolsVersion = 6.1;
						TestTargetID = A1E15D171A0BA7070089516D;
					};
				};
			};
			buildConfigurationList = A1E15D131A0BA7070089516D /* Build configuration list for PBXProject "SimulatorDetails" */;
			compatibilityVersion = "Xcode 3.2";
			developmentRegion = English;
			hasScannedForEncodings = 0;
			knownRegions = (
				en,
				Base,
			);
			mainGroup = A1E15D0F1A0BA7070089516D;
			productRefGroup = A1E15D191A0BA7070089516D /* Products */;
			projectDirPath = "";
			projectRoot = "";
			targets = (
				A1E15D171A0BA7070089516D /* SimulatorDetails */,
				A1E15D291A0BA7070089516D /* SimulatorDetailsTests */,
			);
		};
/* End PBXProject section */

/* Begin PBXResourcesBuildPhase section */
		A1E15D161A0BA7070089516D /* Resources */ = {
			isa = PBXResourcesBuildPhase;
			buildActionMask = 2147483647;
			files = (
				A1E15D221A0BA7070089516D /* Images.xcassets in Resources */,
				A1E15D251A0BA7070089516D /* Main.storyboard in Resources */,
			);
			runOnlyForDeploymentPostprocessing = 0;
		};
		A1E15D281A0BA7070089516D /* Resources */ = {
			isa = PBXResourcesBuildPhase;
			buildActionMask = 2147483647;
			files = (
			);
			runOnlyForDeploymentPostprocessing = 0;
		};
/* End PBXResourcesBuildPhase section */

/* Begin PBXSourcesBuildPhase section */
		A1E15D141A0BA7070089516D /* Sources */ = {
			isa = PBXSourcesBuildPhase;
			buildActionMask = 2147483647;
			files = (
				A1E15D201A0BA7070089516D /* ViewController.swift in Sources */,
				A1E15D3B1A0BABCB0089516D /* SimDataManager.swift in Sources */,
				A1E15D1E1A0BA7070089516D /* AppDelegate.swift in Sources */,
			);
			runOnlyForDeploymentPostprocessing = 0;
		};
		A1E15D261A0BA7070089516D /* Sources */ = {
			isa = PBXSourcesBuildPhase;
			buildActionMask = 2147483647;
			files = (
				A1E15D311A0BA7070089516D /* SimulatorDetailsTests.swift in Sources */,
			);
			runOnlyForDeploymentPostprocessing = 0;
		};
/* End PBXSourcesBuildPhase section */

/* Begin PBXTargetDependency section */
		A1E15D2C1A0BA7070089516D /* PBXTargetDependency */ = {
			isa = PBXTargetDependency;
			target = A1E15D171A0BA7070089516D /* SimulatorDetails */;
			targetProxy = A1E15D2B1A0BA7070089516D /* PBXContainerItemProxy */;
		};
/* End PBXTargetDependency section */

/* Begin PBXVariantGroup section */
		A1E15D231A0BA7070089516D /* Main.storyboard */ = {
			isa = PBXVariantGroup;
			children = (
				A1E15D241A0BA7070089516D /* Base */,
			);
			name = Main.storyboard;
			sourceTree = "<group>";
		};
/* End PBXVariantGroup section */

/* Begin XCBuildConfiguration section */
		A1E15D321A0BA7070089516D /* Debug */ = {
			isa = XCBuildConfiguration;
			buildSettings = {
				ALWAYS_SEARCH_USER_PATHS = NO;
				CLANG_CXX_LANGUAGE_STANDARD = "gnu++0x";
				CLANG_CXX_LIBRARY = "libc++";
				CLANG_ENABLE_MODULES = YES;
				CLANG_ENABLE_OBJC_ARC = YES;
				CLANG_WARN_BOOL_CONVERSION = YES;
				CLANG_WARN_CONSTANT_CONVERSION = YES;
				CLANG_WARN_DIRECT_OBJC_ISA_USAGE = YES_ERROR;
				CLANG_WARN_EMPTY_BODY = YES;
				CLANG_WARN_ENUM_CONVERSION = YES;
				CLANG_WARN_INT_CONVERSION = YES;
				CLANG_WARN_OBJC_ROOT_CLASS = YES_ERROR;
				CLANG_WARN_UNREACHABLE_CODE = YES;
				CLANG_WARN__DUPLICATE_METHOD_MATCH = YES;
				CODE_SIGN_IDENTITY = "-";
				COPY_PHASE_STRIP = NO;
				ENABLE_STRICT_OBJC_MSGSEND = YES;
				GCC_C_LANGUAGE_STANDARD = gnu99;
				GCC_DYNAMIC_NO_PIC = NO;
				GCC_OPTIMIZATION_LEVEL = 0;
				GCC_PREPROCESSOR_DEFINITIONS = (
					"DEBUG=1",
					"$(inherited)",
				);
				GCC_SYMBOLS_PRIVATE_EXTERN = NO;
				GCC_WARN_64_TO_32_BIT_CONVERSION = YES;
				GCC_WARN_ABOUT_RETURN_TYPE = YES_ERROR;
				GCC_WARN_UNDECLARED_SELECTOR = YES;
				GCC_WARN_UNINITIALIZED_AUTOS = YES_AGGRESSIVE;
				GCC_WARN_UNUSED_FUNCTION = YES;
				GCC_WARN_UNUSED_VARIABLE = YES;
				MACOSX_DEPLOYMENT_TARGET = 10.10;
				MTL_ENABLE_DEBUG_INFO = YES;
				ONLY_ACTIVE_ARCH = YES;
				SDKROOT = macosx;
				SWIFT_OPTIMIZATION_LEVEL = "-Onone";
			};
			name = Debug;
		};
		A1E15D331A0BA7070089516D /* Release */ = {
			isa = XCBuildConfiguration;
			buildSettings = {
				ALWAYS_SEARCH_USER_PATHS = NO;
				CLANG_CXX_LANGUAGE_STANDARD = "gnu++0x";
				CLANG_CXX_LIBRARY = "libc++";
				CLANG_ENABLE_MODULES = YES;
				CLANG_ENABLE_OBJC_ARC = YES;
				CLANG_WARN_BOOL_CONVERSION = YES;
				CLANG_WARN_CONSTANT_CONVERSION = YES;
				CLANG_WARN_DIRECT_OBJC_ISA_USAGE = YES_ERROR;
				CLANG_WARN_EMPTY_BODY = YES;
				CLANG_WARN_ENUM_CONVERSION = YES;
				CLANG_WARN_INT_CONVERSION = YES;
				CLANG_WARN_OBJC_ROOT_CLASS = YES_ERROR;
				CLANG_WARN_UNREACHABLE_CODE = YES;
				CLANG_WARN__DUPLICATE_METHOD_MATCH = YES;
				CODE_SIGN_IDENTITY = "-";
				COPY_PHASE_STRIP = YES;
				DEBUG_INFORMATION_FORMAT = "dwarf-with-dsym";
				ENABLE_NS_ASSERTIONS = NO;
				ENABLE_STRICT_OBJC_MSGSEND = YES;
				GCC_C_LANGUAGE_STANDARD = gnu99;
				GCC_WARN_64_TO_32_BIT_CONVERSION = YES;
				GCC_WARN_ABOUT_RETURN_TYPE = YES_ERROR;
				GCC_WARN_UNDECLARED_SELECTOR = YES;
				GCC_WARN_UNINITIALIZED_AUTOS = YES_AGGRESSIVE;
				GCC_WARN_UNUSED_FUNCTION = YES;
				GCC_WARN_UNUSED_VARIABLE = YES;
				MACOSX_DEPLOYMENT_TARGET = 10.10;
				MTL_ENABLE_DEBUG_INFO = NO;
				SDKROOT = macosx;
			};
			name = Release;
		};
		A1E15D351A0BA7070089516D /* Debug */ = {
			isa = XCBuildConfiguration;
			buildSettings = {
				ASSETCATALOG_COMPILER_APPICON_NAME = AppIcon;
				COMBINE_HIDPI_IMAGES = YES;
				INFOPLIST_FILE = SimulatorDetails/Info.plist;
				LD_RUNPATH_SEARCH_PATHS = "$(inherited) @executable_path/../Frameworks";
				PRODUCT_NAME = "$(TARGET_NAME)";
			};
			name = Debug;
		};
		A1E15D361A0BA7070089516D /* Release */ = {
			isa = XCBuildConfiguration;
			buildSettings = {
				ASSETCATALOG_COMPILER_APPICON_NAME = AppIcon;
				COMBINE_HIDPI_IMAGES = YES;
				INFOPLIST_FILE = SimulatorDetails/Info.plist;
				LD_RUNPATH_SEARCH_PATHS = "$(inherited) @executable_path/../Frameworks";
				PRODUCT_NAME = "$(TARGET_NAME)";
			};
			name = Release;
		};
		A1E15D381A0BA7070089516D /* Debug */ = {
			isa = XCBuildConfiguration;
			buildSettings = {
				BUNDLE_LOADER = "$(TEST_HOST)";
				COMBINE_HIDPI_IMAGES = YES;
				FRAMEWORK_SEARCH_PATHS = (
					"$(DEVELOPER_FRAMEWORKS_DIR)",
					"$(inherited)",
				);
				GCC_PREPROCESSOR_DEFINITIONS = (
					"DEBUG=1",
					"$(inherited)",
				);
				INFOPLIST_FILE = SimulatorDetailsTests/Info.plist;
				LD_RUNPATH_SEARCH_PATHS = "$(inherited) @executable_path/../Frameworks @loader_path/../Frameworks";
				PRODUCT_NAME = "$(TARGET_NAME)";
				TEST_HOST = "$(BUILT_PRODUCTS_DIR)/SimulatorDetails.app/Contents/MacOS/SimulatorDetails";
			};
			name = Debug;
		};
		A1E15D391A0BA7070089516D /* Release */ = {
			isa = XCBuildConfiguration;
			buildSettings = {
				BUNDLE_LOADER = "$(TEST_HOST)";
				COMBINE_HIDPI_IMAGES = YES;
				FRAMEWORK_SEARCH_PATHS = (
					"$(DEVELOPER_FRAMEWORKS_DIR)",
					"$(inherited)",
				);
				INFOPLIST_FILE = SimulatorDetailsTests/Info.plist;
				LD_RUNPATH_SEARCH_PATHS = "$(inherited) @executable_path/../Frameworks @loader_path/../Frameworks";
				PRODUCT_NAME = "$(TARGET_NAME)";
				TEST_HOST = "$(BUILT_PRODUCTS_DIR)/SimulatorDetails.app/Contents/MacOS/SimulatorDetails";
			};
			name = Release;
		};
/* End XCBuildConfiguration section */

/* Begin XCConfigurationList section */
		A1E15D131A0BA7070089516D /* Build configuration list for PBXProject "SimulatorDetails" */ = {
			isa = XCConfigurationList;
			buildConfigurations = (
				A1E15D321A0BA7070089516D /* Debug */,
				A1E15D331A0BA7070089516D /* Release */,
			);
			defaultConfigurationIsVisible = 0;
			defaultConfigurationName = Release;
		};
		A1E15D341A0BA7070089516D /* Build configuration list for PBXNativeTarget "SimulatorDetails" */ = {
			isa = XCConfigurationList;
			buildConfigurations = (
				A1E15D351A0BA7070089516D /* Debug */,
				A1E15D361A0BA7070089516D /* Release */,
			);
			defaultConfigurationIsVisible = 0;
			defaultConfigurationName = Release;
		};
		A1E15D371A0BA7070089516D /* Build configuration list for PBXNativeTarget "SimulatorDetailsTests" */ = {
			isa = XCConfigurationList;
			buildConfigurations = (
				A1E15D381A0BA7070089516D /* Debug */,
				A1E15D391A0BA7070089516D /* Release */,
			);
			defaultConfigurationIsVisible = 0;
			defaultConfigurationName = Release;
		};
/* End XCConfigurationList section */
	};
	rootObject = A1E15D101A0BA7070089516D /* Project object */;
}
